
Microsoft Visual Studio Solution File, Format Version 12.00
# Visual Studio Version 17
VisualStudioVersion = 17.13.35931.197 d17.13
MinimumVisualStudioVersion = 10.0.40219.1
Project("{FAE04EC0-301F-11D3-BF4B-00C04F79EFBC}") = "SqlToEfConverter", "SqlToEfConverter.csproj", "{A88CC95E-F919-4C65-84B4-665111F23DA1}"
EndProject
Global
	GlobalSection(SolutionConfigurationPlatforms) = preSolution
		Debug|Any CPU = Debug|Any CPU
		Release|Any CPU = Release|Any CPU
	EndGlobalSection
	GlobalSection(ProjectConfigurationPlatforms) = postSolution
		{A88CC95E-F919-4C65-84B4-665111F23DA1}.Debug|Any CPU.ActiveCfg = Debug|Any CPU
		{A88CC95E-F919-4C65-84B4-665111F23DA1}.Debug|Any CPU.Build.0 = Debug|Any CPU
		{A88CC95E-F919-4C65-84B4-665111F23DA1}.Release|Any CPU.ActiveCfg = Release|Any CPU
		{A88CC95E-F919-4C65-84B4-665111F23DA1}.Release|Any CPU.Build.0 = Release|Any CPU
	EndGlobalSection
	GlobalSection(SolutionProperties) = preSolution
		HideSolutionNode = FALSE
	EndGlobalSection
	GlobalSection(ExtensibilityGlobals) = postSolution
		SolutionGuid = {281AA543-49BF-44A6-A710-E4B1AFD9CDDA}
	EndGlobalSection
EndGlobal
